PODS:
  - Alamofire (1.2.1)
  - FontAwesome+iOS (0.1.4)
  - SDWebImage (3.7.1):
    - SDWebImage/Core (= 3.7.1)
  - SDWebImage/Core (3.7.1)
  - Shimmer (1.0.2)

DEPENDENCIES:
  - Alamofire (~> 1.2)
  - FontAwesome+iOS
  - SDWebImage (<= 3.7.1)
  - Shimmer

SPEC CHECKSUMS:
  Alamofire: 1acfdf179aff68b41a48dff70c1ac7fa263e2bcb
  FontAwesome+iOS: 9070b682a9255ca0fdc34bcfb129ad0ba2b73b87
  SDWebImage: ed3095af2ff88b436426037444979b917f6c5575
  Shimmer: c5374be1c2b0c9e292fb05b339a513cf291cac86

COCOAPODS: 0.37.2
