// !$*UTF8*$!
{
	archiveVersion = 1;
	classes = {
	};
	objectVersion = 46;
	objects = {

/* Begin PBXBuildFile section */
		6923F76C724843F5AED124BD /* Pods.framework in Frameworks */ = {isa = PBXBuildFile; fileRef = D27C7A8ED4F7C96DF08F5850 /* Pods.framework */; settings = {ATTRIBUTES = (Weak, ); }; };
		DA27D1971AF1BA9D00CC854E /* AppDelegate.swift in Sources */ = {isa = PBXBuildFile; fileRef = DA27D1961AF1BA9D00CC854E /* AppDelegate.swift */; };
		DA27D1991AF1BA9D00CC854E /* ViewController.swift in Sources */ = {isa = PBXBuildFile; fileRef = DA27D1981AF1BA9D00CC854E /* ViewController.swift */; };
		DA27D19C1AF1BA9D00CC854E /* Base.storyboard in Resources */ = {isa = PBXBuildFile; fileRef = DA27D19A1AF1BA9D00CC854E /* Base.storyboard */; };
		DA27D19E1AF1BA9D00CC854E /* Images.xcassets in Resources */ = {isa = PBXBuildFile; fileRef = DA27D19D1AF1BA9D00CC854E /* Images.xcassets */; };
		DA27D1A11AF1BA9D00CC854E /* LaunchScreen.xib in Resources */ = {isa = PBXBuildFile; fileRef = DA27D19F1AF1BA9D00CC854E /* LaunchScreen.xib */; };
		DA27D1AD1AF1BA9D00CC854E /* AnimeNowTests.swift in Sources */ = {isa = PBXBuildFile; fileRef = DA27D1AC1AF1BA9D00CC854E /* AnimeNowTests.swift */; };
		DA27D1B71AF1BFA300CC854E /* AniList.swift in Sources */ = {isa = PBXBuildFile; fileRef = DA27D1B61AF1BFA300CC854E /* AniList.swift */; };
		DA2853BD1B22B7130070B675 /* LoaderView.swift in Sources */ = {isa = PBXBuildFile; fileRef = DA2853BC1B22B7130070B675 /* LoaderView.swift */; };
		DA2853BF1B22C1710070B675 /* HighlightButton.swift in Sources */ = {isa = PBXBuildFile; fileRef = DA2853BE1B22C1710070B675 /* HighlightButton.swift */; };
		DA2853C21B22C5D30070B675 /* UIColor+AniNow.swift in Sources */ = {isa = PBXBuildFile; fileRef = DA2853C11B22C5D30070B675 /* UIColor+AniNow.swift */; };
		DA38A9891B223AF1002FCBB4 /* ActionListViewController.swift in Sources */ = {isa = PBXBuildFile; fileRef = DA38A9881B223AF1002FCBB4 /* ActionListViewController.swift */; };
		DA38A98C1B223B39002FCBB4 /* Common.storyboard in Resources */ = {isa = PBXBuildFile; fileRef = DA38A98B1B223B39002FCBB4 /* Common.storyboard */; };
		DA38A98F1B223F1F002FCBB4 /* BasicTableCell.swift in Sources */ = {isa = PBXBuildFile; fileRef = DA38A98E1B223F1F002FCBB4 /* BasicTableCell.swift */; };
		DA38A9911B224960002FCBB4 /* BasicView.swift in Sources */ = {isa = PBXBuildFile; fileRef = DA38A9901B224960002FCBB4 /* BasicView.swift */; };
		DA6E12B31B10D94200B278B0 /* ANParseKit.h in Headers */ = {isa = PBXBuildFile; fileRef = DA6E12B21B10D94200B278B0 /* ANParseKit.h */; settings = {ATTRIBUTES = (Public, ); }; };
		DA6E12B91B10D94200B278B0 /* ANParseKit.framework in Frameworks */ = {isa = PBXBuildFile; fileRef = DA6E12AE1B10D94200B278B0 /* ANParseKit.framework */; };
		DA6E12C21B10D94200B278B0 /* ANParseKitTests.swift in Sources */ = {isa = PBXBuildFile; fileRef = DA6E12C11B10D94200B278B0 /* ANParseKitTests.swift */; };
		DA6E12C51B10D94200B278B0 /* ANParseKit.framework in Frameworks */ = {isa = PBXBuildFile; fileRef = DA6E12AE1B10D94200B278B0 /* ANParseKit.framework */; };
		DA6E12C61B10D94200B278B0 /* ANParseKit.framework in Embed Frameworks */ = {isa = PBXBuildFile; fileRef = DA6E12AE1B10D94200B278B0 /* ANParseKit.framework */; settings = {ATTRIBUTES = (CodeSignOnCopy, RemoveHeadersOnCopy, ); }; };
		DA6E12DC1B10D96F00B278B0 /* LICENSE.txt in Resources */ = {isa = PBXBuildFile; fileRef = DA6E12D01B10D96F00B278B0 /* LICENSE.txt */; };
		DA6E12DD1B10D96F00B278B0 /* TFHpple.h in Headers */ = {isa = PBXBuildFile; fileRef = DA6E12D11B10D96F00B278B0 /* TFHpple.h */; settings = {ATTRIBUTES = (Public, ); }; };
		DA6E12DE1B10D96F00B278B0 /* TFHpple.m in Sources */ = {isa = PBXBuildFile; fileRef = DA6E12D21B10D96F00B278B0 /* TFHpple.m */; };
		DA6E12DF1B10D96F00B278B0 /* TFHppleElement.h in Headers */ = {isa = PBXBuildFile; fileRef = DA6E12D31B10D96F00B278B0 /* TFHppleElement.h */; settings = {ATTRIBUTES = (Public, ); }; };
		DA6E12E01B10D96F00B278B0 /* TFHppleElement.m in Sources */ = {isa = PBXBuildFile; fileRef = DA6E12D41B10D96F00B278B0 /* TFHppleElement.m */; };
		DA6E12E11B10D96F00B278B0 /* XPathQuery.h in Headers */ = {isa = PBXBuildFile; fileRef = DA6E12D51B10D96F00B278B0 /* XPathQuery.h */; };
		DA6E12E21B10D96F00B278B0 /* XPathQuery.m in Sources */ = {isa = PBXBuildFile; fileRef = DA6E12D61B10D96F00B278B0 /* XPathQuery.m */; };
		DA6E12E31B10D96F00B278B0 /* UIViewController+WebScraper.h in Headers */ = {isa = PBXBuildFile; fileRef = DA6E12D81B10D96F00B278B0 /* UIViewController+WebScraper.h */; settings = {ATTRIBUTES = (Public, ); }; };
		DA6E12E41B10D96F00B278B0 /* UIViewController+WebScraper.m in Sources */ = {isa = PBXBuildFile; fileRef = DA6E12D91B10D96F00B278B0 /* UIViewController+WebScraper.m */; };
		DA6E12E51B10D96F00B278B0 /* WSWebScraper.h in Headers */ = {isa = PBXBuildFile; fileRef = DA6E12DA1B10D96F00B278B0 /* WSWebScraper.h */; settings = {ATTRIBUTES = (Public, ); }; };
		DA6E12E61B10D96F00B278B0 /* WSWebScraper.m in Sources */ = {isa = PBXBuildFile; fileRef = DA6E12DB1B10D96F00B278B0 /* WSWebScraper.m */; };
		DA6E130C1B10DE0F00B278B0 /* NSArray+TFHppleElement.h in Headers */ = {isa = PBXBuildFile; fileRef = DA6E13081B10DE0F00B278B0 /* NSArray+TFHppleElement.h */; settings = {ATTRIBUTES = (Public, ); }; };
		DA6E130D1B10DE0F00B278B0 /* NSArray+TFHppleElement.m in Sources */ = {isa = PBXBuildFile; fileRef = DA6E13091B10DE0F00B278B0 /* NSArray+TFHppleElement.m */; };
		DA6E130E1B10DE0F00B278B0 /* TFHppleElement+MALScrapping.h in Headers */ = {isa = PBXBuildFile; fileRef = DA6E130A1B10DE0F00B278B0 /* TFHppleElement+MALScrapping.h */; settings = {ATTRIBUTES = (Public, ); }; };
		DA6E130F1B10DE0F00B278B0 /* TFHppleElement+MALScrapping.m in Sources */ = {isa = PBXBuildFile; fileRef = DA6E130B1B10DE0F00B278B0 /* TFHppleElement+MALScrapping.m */; };
		DA6E13111B10F2E500B278B0 /* MALScrapper.swift in Sources */ = {isa = PBXBuildFile; fileRef = DA6E13101B10F2E500B278B0 /* MALScrapper.swift */; };
		DA6E13131B10F56B00B278B0 /* SeasonalChartService.swift in Sources */ = {isa = PBXBuildFile; fileRef = DA6E13121B10F56B00B278B0 /* SeasonalChartService.swift */; };
		DA6E131E1B10F9E900B278B0 /* libxml2.dylib in Frameworks */ = {isa = PBXBuildFile; fileRef = DA6E12E91B10DA2F00B278B0 /* libxml2.dylib */; };
		DA6E131F1B10F9EE00B278B0 /* libz.dylib in Frameworks */ = {isa = PBXBuildFile; fileRef = DA6E12E71B10DA2700B278B0 /* libz.dylib */; };
		DA6E13201B10F9F500B278B0 /* libsqlite3.dylib in Frameworks */ = {isa = PBXBuildFile; fileRef = DA6E13011B10DCEE00B278B0 /* libsqlite3.dylib */; };
		DA6E13211B10FA6E00B278B0 /* SystemConfiguration.framework in Frameworks */ = {isa = PBXBuildFile; fileRef = DA6E12FF1B10DCE400B278B0 /* SystemConfiguration.framework */; };
		DA6E13221B10FA7300B278B0 /* StoreKit.framework in Frameworks */ = {isa = PBXBuildFile; fileRef = DA6E12FD1B10DCDF00B278B0 /* StoreKit.framework */; };
		DA6E13231B10FA7700B278B0 /* Security.framework in Frameworks */ = {isa = PBXBuildFile; fileRef = DA6E12FB1B10DCD800B278B0 /* Security.framework */; };
		DA6E13241B10FA7B00B278B0 /* QuartzCore.framework in Frameworks */ = {isa = PBXBuildFile; fileRef = DA6E12F91B10DCD400B278B0 /* QuartzCore.framework */; };
		DA6E13251B10FA7F00B278B0 /* MobileCoreServices.framework in Frameworks */ = {isa = PBXBuildFile; fileRef = DA6E12F71B10DCCF00B278B0 /* MobileCoreServices.framework */; };
		DA6E13261B10FA8400B278B0 /* CoreLocation.framework in Frameworks */ = {isa = PBXBuildFile; fileRef = DA6E12F51B10DCCA00B278B0 /* CoreLocation.framework */; };
		DA6E13271B10FA8900B278B0 /* CoreGraphics.framework in Frameworks */ = {isa = PBXBuildFile; fileRef = DA6E12F31B10DCC600B278B0 /* CoreGraphics.framework */; };
		DA6E13281B10FA8E00B278B0 /* CFNetwork.framework in Frameworks */ = {isa = PBXBuildFile; fileRef = DA6E12F11B10DCC100B278B0 /* CFNetwork.framework */; };
		DA6E13291B10FA9400B278B0 /* AudioToolbox.framework in Frameworks */ = {isa = PBXBuildFile; fileRef = DA6E12EF1B10DCBC00B278B0 /* AudioToolbox.framework */; };
		DA6E132A1B10FAA100B278B0 /* Bolts.framework in Frameworks */ = {isa = PBXBuildFile; fileRef = DA6E12EB1B10DCA100B278B0 /* Bolts.framework */; };
		DA6E132B1B10FAA100B278B0 /* Parse.framework in Frameworks */ = {isa = PBXBuildFile; fileRef = DA6E12EC1B10DCA100B278B0 /* Parse.framework */; };
		DA6E83B21B1672A500970D27 /* TraktV1.swift in Sources */ = {isa = PBXBuildFile; fileRef = DA6E83B11B1672A500970D27 /* TraktV1.swift */; };
		DA6E83B41B167F1E00970D27 /* TraktV2.swift in Sources */ = {isa = PBXBuildFile; fileRef = DA6E83B31B167F1E00970D27 /* TraktV2.swift */; };
		DA76A1971B235BF4006CB489 /* DropDownListViewController.swift in Sources */ = {isa = PBXBuildFile; fileRef = DA76A1961B235BF4006CB489 /* DropDownListViewController.swift */; };
		DA76A19B1B238498006CB489 /* Classes.swift in Sources */ = {isa = PBXBuildFile; fileRef = DA76A1991B2375E1006CB489 /* Classes.swift */; };
		DA76A19D1B23AADF006CB489 /* BasicCollectionReusableView.swift in Sources */ = {isa = PBXBuildFile; fileRef = DA76A19C1B23AADF006CB489 /* BasicCollectionReusableView.swift */; };
		DACCF35D1B110AA2006A13EB /* ANParseKit.swift in Sources */ = {isa = PBXBuildFile; fileRef = DACCF35C1B110AA2006A13EB /* ANParseKit.swift */; };
		DACCF35F1B111016006A13EB /* AnimeService.swift in Sources */ = {isa = PBXBuildFile; fileRef = DACCF35E1B111016006A13EB /* AnimeService.swift */; };
		DAE7A7191B2105FD00788614 /* AnimeCell.swift in Sources */ = {isa = PBXBuildFile; fileRef = DAE7A7181B2105FD00788614 /* AnimeCell.swift */; };
		DAFBB0951B20EFF700495ED9 /* ChartViewController.swift in Sources */ = {isa = PBXBuildFile; fileRef = DAFBB0941B20EFF700495ED9 /* ChartViewController.swift */; };
/* End PBXBuildFile section */

/* Begin PBXContainerItemProxy section */
		DA27D1A71AF1BA9D00CC854E /* PBXContainerItemProxy */ = {
			isa = PBXContainerItemProxy;
			containerPortal = DA27D1891AF1BA9D00CC854E /* Project object */;
			proxyType = 1;
			remoteGlobalIDString = DA27D1901AF1BA9D00CC854E;
			remoteInfo = AnimeNow;
		};
		DA6E12BA1B10D94200B278B0 /* PBXContainerItemProxy */ = {
			isa = PBXContainerItemProxy;
			containerPortal = DA27D1891AF1BA9D00CC854E /* Project object */;
			proxyType = 1;
			remoteGlobalIDString = DA6E12AD1B10D94200B278B0;
			remoteInfo = ANParseKit;
		};
		DA6E12BC1B10D94200B278B0 /* PBXContainerItemProxy */ = {
			isa = PBXContainerItemProxy;
			containerPortal = DA27D1891AF1BA9D00CC854E /* Project object */;
			proxyType = 1;
			remoteGlobalIDString = DA27D1901AF1BA9D00CC854E;
			remoteInfo = AnimeNow;
		};
		DA6E12C31B10D94200B278B0 /* PBXContainerItemProxy */ = {
			isa = PBXContainerItemProxy;
			containerPortal = DA27D1891AF1BA9D00CC854E /* Project object */;
			proxyType = 1;
			remoteGlobalIDString = DA6E12AD1B10D94200B278B0;
			remoteInfo = ANParseKit;
		};
/* End PBXContainerItemProxy section */

/* Begin PBXCopyFilesBuildPhase section */
		DA6E12CA1B10D94200B278B0 /* Embed Frameworks */ = {
			isa = PBXCopyFilesBuildPhase;
			buildActionMask = 2147483647;
			dstPath = "";
			dstSubfolderSpec = 10;
			files = (
				DA6E12C61B10D94200B278B0 /* ANParseKit.framework in Embed Frameworks */,
			);
			name = "Embed Frameworks";
			runOnlyForDeploymentPostprocessing = 0;
		};
/* End PBXCopyFilesBuildPhase section */

/* Begin PBXFileReference section */
		3ABB693D5DECE103E9514C77 /* Pods.debug.xcconfig */ = {isa = PBXFileReference; includeInIndex = 1; lastKnownFileType = text.xcconfig; name = Pods.debug.xcconfig; path = "Pods/Target Support Files/Pods/Pods.debug.xcconfig"; sourceTree = "<group>"; };
		CC7A7DA6842DABB2A3D90AB9 /* Pods.release.xcconfig */ = {isa = PBXFileReference; includeInIndex = 1; lastKnownFileType = text.xcconfig; name = Pods.release.xcconfig; path = "Pods/Target Support Files/Pods/Pods.release.xcconfig"; sourceTree = "<group>"; };
		D27C7A8ED4F7C96DF08F5850 /* Pods.framework */ = {isa = PBXFileReference; explicitFileType = wrapper.framework; includeInIndex = 0; path = Pods.framework; sourceTree = BUILT_PRODUCTS_DIR; };
		DA27D1911AF1BA9D00CC854E /* AnimeNow.app */ = {isa = PBXFileReference; explicitFileType = wrapper.application; includeInIndex = 0; path = AnimeNow.app; sourceTree = BUILT_PRODUCTS_DIR; };
		DA27D1951AF1BA9D00CC854E /* Info.plist */ = {isa = PBXFileReference; lastKnownFileType = text.plist.xml; path = Info.plist; sourceTree = "<group>"; };
		DA27D1961AF1BA9D00CC854E /* AppDelegate.swift */ = {isa = PBXFileReference; lastKnownFileType = sourcecode.swift; path = AppDelegate.swift; sourceTree = "<group>"; };
		DA27D1981AF1BA9D00CC854E /* ViewController.swift */ = {isa = PBXFileReference; lastKnownFileType = sourcecode.swift; path = ViewController.swift; sourceTree = "<group>"; };
		DA27D19B1AF1BA9D00CC854E /* Base */ = {isa = PBXFileReference; lastKnownFileType = file.storyboard; name = Base; path = Base.lproj/Base.storyboard; sourceTree = "<group>"; };
		DA27D19D1AF1BA9D00CC854E /* Images.xcassets */ = {isa = PBXFileReference; lastKnownFileType = folder.assetcatalog; path = Images.xcassets; sourceTree = "<group>"; };
		DA27D1A01AF1BA9D00CC854E /* Base */ = {isa = PBXFileReference; lastKnownFileType = file.xib; name = Base; path = Base.lproj/LaunchScreen.xib; sourceTree = "<group>"; };
		DA27D1A61AF1BA9D00CC854E /* AnimeNowTests.xctest */ = {isa = PBXFileReference; explicitFileType = wrapper.cfbundle; includeInIndex = 0; path = AnimeNowTests.xctest; sourceTree = BUILT_PRODUCTS_DIR; };
		DA27D1AB1AF1BA9D00CC854E /* Info.plist */ = {isa = PBXFileReference; lastKnownFileType = text.plist.xml; path = Info.plist; sourceTree = "<group>"; };
		DA27D1AC1AF1BA9D00CC854E /* AnimeNowTests.swift */ = {isa = PBXFileReference; lastKnownFileType = sourcecode.swift; path = AnimeNowTests.swift; sourceTree = "<group>"; };
		DA27D1B61AF1BFA300CC854E /* AniList.swift */ = {isa = PBXFileReference; fileEncoding = 4; lastKnownFileType = sourcecode.swift; path = AniList.swift; sourceTree = "<group>"; };
		DA2853BC1B22B7130070B675 /* LoaderView.swift */ = {isa = PBXFileReference; fileEncoding = 4; lastKnownFileType = sourcecode.swift; path = LoaderView.swift; sourceTree = "<group>"; };
		DA2853BE1B22C1710070B675 /* HighlightButton.swift */ = {isa = PBXFileReference; fileEncoding = 4; lastKnownFileType = sourcecode.swift; path = HighlightButton.swift; sourceTree = "<group>"; };
		DA2853C11B22C5D30070B675 /* UIColor+AniNow.swift */ = {isa = PBXFileReference; fileEncoding = 4; lastKnownFileType = sourcecode.swift; path = "UIColor+AniNow.swift"; sourceTree = "<group>"; };
		DA38A9881B223AF1002FCBB4 /* ActionListViewController.swift */ = {isa = PBXFileReference; fileEncoding = 4; lastKnownFileType = sourcecode.swift; path = ActionListViewController.swift; sourceTree = "<group>"; };
		DA38A98B1B223B39002FCBB4 /* Common.storyboard */ = {isa = PBXFileReference; fileEncoding = 4; lastKnownFileType = file.storyboard; path = Common.storyboard; sourceTree = "<group>"; };
		DA38A98E1B223F1F002FCBB4 /* BasicTableCell.swift */ = {isa = PBXFileReference; fileEncoding = 4; lastKnownFileType = sourcecode.swift; path = BasicTableCell.swift; sourceTree = "<group>"; };
		DA38A9901B224960002FCBB4 /* BasicView.swift */ = {isa = PBXFileReference; fileEncoding = 4; lastKnownFileType = sourcecode.swift; path = BasicView.swift; sourceTree = "<group>"; };
		DA6E12AE1B10D94200B278B0 /* ANParseKit.framework */ = {isa = PBXFileReference; explicitFileType = wrapper.framework; includeInIndex = 0; path = ANParseKit.framework; sourceTree = BUILT_PRODUCTS_DIR; };
		DA6E12B11B10D94200B278B0 /* Info.plist */ = {isa = PBXFileReference; lastKnownFileType = text.plist.xml; path = Info.plist; sourceTree = "<group>"; };
		DA6E12B21B10D94200B278B0 /* ANParseKit.h */ = {isa = PBXFileReference; lastKnownFileType = sourcecode.c.h; path = ANParseKit.h; sourceTree = "<group>"; };
		DA6E12B81B10D94200B278B0 /* ANParseKitTests.xctest */ = {isa = PBXFileReference; explicitFileType = wrapper.cfbundle; includeInIndex = 0; path = ANParseKitTests.xctest; sourceTree = BUILT_PRODUCTS_DIR; };
		DA6E12C01B10D94200B278B0 /* Info.plist */ = {isa = PBXFileReference; lastKnownFileType = text.plist.xml; path = Info.plist; sourceTree = "<group>"; };
		DA6E12C11B10D94200B278B0 /* ANParseKitTests.swift */ = {isa = PBXFileReference; lastKnownFileType = sourcecode.swift; path = ANParseKitTests.swift; sourceTree = "<group>"; };
		DA6E12D01B10D96F00B278B0 /* LICENSE.txt */ = {isa = PBXFileReference; fileEncoding = 4; lastKnownFileType = text; path = LICENSE.txt; sourceTree = "<group>"; };
		DA6E12D11B10D96F00B278B0 /* TFHpple.h */ = {isa = PBXFileReference; fileEncoding = 4; lastKnownFileType = sourcecode.c.h; path = TFHpple.h; sourceTree = "<group>"; };
		DA6E12D21B10D96F00B278B0 /* TFHpple.m */ = {isa = PBXFileReference; fileEncoding = 4; lastKnownFileType = sourcecode.c.objc; path = TFHpple.m; sourceTree = "<group>"; };
		DA6E12D31B10D96F00B278B0 /* TFHppleElement.h */ = {isa = PBXFileReference; fileEncoding = 4; lastKnownFileType = sourcecode.c.h; path = TFHppleElement.h; sourceTree = "<group>"; };
		DA6E12D41B10D96F00B278B0 /* TFHppleElement.m */ = {isa = PBXFileReference; fileEncoding = 4; lastKnownFileType = sourcecode.c.objc; path = TFHppleElement.m; sourceTree = "<group>"; };
		DA6E12D51B10D96F00B278B0 /* XPathQuery.h */ = {isa = PBXFileReference; fileEncoding = 4; lastKnownFileType = sourcecode.c.h; path = XPathQuery.h; sourceTree = "<group>"; };
		DA6E12D61B10D96F00B278B0 /* XPathQuery.m */ = {isa = PBXFileReference; fileEncoding = 4; lastKnownFileType = sourcecode.c.objc; path = XPathQuery.m; sourceTree = "<group>"; };
		DA6E12D81B10D96F00B278B0 /* UIViewController+WebScraper.h */ = {isa = PBXFileReference; fileEncoding = 4; lastKnownFileType = sourcecode.c.h; path = "UIViewController+WebScraper.h"; sourceTree = "<group>"; };
		DA6E12D91B10D96F00B278B0 /* UIViewController+WebScraper.m */ = {isa = PBXFileReference; fileEncoding = 4; lastKnownFileType = sourcecode.c.objc; path = "UIViewController+WebScraper.m"; sourceTree = "<group>"; };
		DA6E12DA1B10D96F00B278B0 /* WSWebScraper.h */ = {isa = PBXFileReference; fileEncoding = 4; lastKnownFileType = sourcecode.c.h; path = WSWebScraper.h; sourceTree = "<group>"; };
		DA6E12DB1B10D96F00B278B0 /* WSWebScraper.m */ = {isa = PBXFileReference; fileEncoding = 4; lastKnownFileType = sourcecode.c.objc; path = WSWebScraper.m; sourceTree = "<group>"; };
		DA6E12E71B10DA2700B278B0 /* libz.dylib */ = {isa = PBXFileReference; lastKnownFileType = "compiled.mach-o.dylib"; name = libz.dylib; path = usr/lib/libz.dylib; sourceTree = SDKROOT; };
		DA6E12E91B10DA2F00B278B0 /* libxml2.dylib */ = {isa = PBXFileReference; lastKnownFileType = "compiled.mach-o.dylib"; name = libxml2.dylib; path = usr/lib/libxml2.dylib; sourceTree = SDKROOT; };
		DA6E12EB1B10DCA100B278B0 /* Bolts.framework */ = {isa = PBXFileReference; lastKnownFileType = wrapper.framework; path = Bolts.framework; sourceTree = "<group>"; };
		DA6E12EC1B10DCA100B278B0 /* Parse.framework */ = {isa = PBXFileReference; lastKnownFileType = wrapper.framework; path = Parse.framework; sourceTree = "<group>"; };
		DA6E12EF1B10DCBC00B278B0 /* AudioToolbox.framework */ = {isa = PBXFileReference; lastKnownFileType = wrapper.framework; name = AudioToolbox.framework; path = System/Library/Frameworks/AudioToolbox.framework; sourceTree = SDKROOT; };
		DA6E12F11B10DCC100B278B0 /* CFNetwork.framework */ = {isa = PBXFileReference; lastKnownFileType = wrapper.framework; name = CFNetwork.framework; path = System/Library/Frameworks/CFNetwork.framework; sourceTree = SDKROOT; };
		DA6E12F31B10DCC600B278B0 /* CoreGraphics.framework */ = {isa = PBXFileReference; lastKnownFileType = wrapper.framework; name = CoreGraphics.framework; path = System/Library/Frameworks/CoreGraphics.framework; sourceTree = SDKROOT; };
		DA6E12F51B10DCCA00B278B0 /* CoreLocation.framework */ = {isa = PBXFileReference; lastKnownFileType = wrapper.framework; name = CoreLocation.framework; path = System/Library/Frameworks/CoreLocation.framework; sourceTree = SDKROOT; };
		DA6E12F71B10DCCF00B278B0 /* MobileCoreServices.framework */ = {isa = PBXFileReference; lastKnownFileType = wrapper.framework; name = MobileCoreServices.framework; path = System/Library/Frameworks/MobileCoreServices.framework; sourceTree = SDKROOT; };
		DA6E12F91B10DCD400B278B0 /* QuartzCore.framework */ = {isa = PBXFileReference; lastKnownFileType = wrapper.framework; name = QuartzCore.framework; path = System/Library/Frameworks/QuartzCore.framework; sourceTree = SDKROOT; };
		DA6E12FB1B10DCD800B278B0 /* Security.framework */ = {isa = PBXFileReference; lastKnownFileType = wrapper.framework; name = Security.framework; path = System/Library/Frameworks/Security.framework; sourceTree = SDKROOT; };
		DA6E12FD1B10DCDF00B278B0 /* StoreKit.framework */ = {isa = PBXFileReference; lastKnownFileType = wrapper.framework; name = StoreKit.framework; path = System/Library/Frameworks/StoreKit.framework; sourceTree = SDKROOT; };
		DA6E12FF1B10DCE400B278B0 /* SystemConfiguration.framework */ = {isa = PBXFileReference; lastKnownFileType = wrapper.framework; name = SystemConfiguration.framework; path = System/Library/Frameworks/SystemConfiguration.framework; sourceTree = SDKROOT; };
		DA6E13011B10DCEE00B278B0 /* libsqlite3.dylib */ = {isa = PBXFileReference; lastKnownFileType = "compiled.mach-o.dylib"; name = libsqlite3.dylib; path = usr/lib/libsqlite3.dylib; sourceTree = SDKROOT; };
		DA6E13031B10DDB500B278B0 /* Accounts.framework */ = {isa = PBXFileReference; lastKnownFileType = wrapper.framework; name = Accounts.framework; path = System/Library/Frameworks/Accounts.framework; sourceTree = SDKROOT; };
		DA6E13051B10DDB900B278B0 /* Social.framework */ = {isa = PBXFileReference; lastKnownFileType = wrapper.framework; name = Social.framework; path = System/Library/Frameworks/Social.framework; sourceTree = SDKROOT; };
		DA6E13081B10DE0F00B278B0 /* NSArray+TFHppleElement.h */ = {isa = PBXFileReference; fileEncoding = 4; lastKnownFileType = sourcecode.c.h; path = "NSArray+TFHppleElement.h"; sourceTree = "<group>"; };
		DA6E13091B10DE0F00B278B0 /* NSArray+TFHppleElement.m */ = {isa = PBXFileReference; fileEncoding = 4; lastKnownFileType = sourcecode.c.objc; path = "NSArray+TFHppleElement.m"; sourceTree = "<group>"; };
		DA6E130A1B10DE0F00B278B0 /* TFHppleElement+MALScrapping.h */ = {isa = PBXFileReference; fileEncoding = 4; lastKnownFileType = sourcecode.c.h; path = "TFHppleElement+MALScrapping.h"; sourceTree = "<group>"; };
		DA6E130B1B10DE0F00B278B0 /* TFHppleElement+MALScrapping.m */ = {isa = PBXFileReference; fileEncoding = 4; lastKnownFileType = sourcecode.c.objc; path = "TFHppleElement+MALScrapping.m"; sourceTree = "<group>"; };
		DA6E13101B10F2E500B278B0 /* MALScrapper.swift */ = {isa = PBXFileReference; fileEncoding = 4; lastKnownFileType = sourcecode.swift; path = MALScrapper.swift; sourceTree = "<group>"; };
		DA6E13121B10F56B00B278B0 /* SeasonalChartService.swift */ = {isa = PBXFileReference; fileEncoding = 4; lastKnownFileType = sourcecode.swift; path = SeasonalChartService.swift; sourceTree = "<group>"; };
		DA6E131C1B10F9C800B278B0 /* Accelerate.framework */ = {isa = PBXFileReference; lastKnownFileType = wrapper.framework; name = Accelerate.framework; path = System/Library/Frameworks/Accelerate.framework; sourceTree = SDKROOT; };
		DA6E83B11B1672A500970D27 /* TraktV1.swift */ = {isa = PBXFileReference; fileEncoding = 4; lastKnownFileType = sourcecode.swift; path = TraktV1.swift; sourceTree = "<group>"; };
		DA6E83B31B167F1E00970D27 /* TraktV2.swift */ = {isa = PBXFileReference; fileEncoding = 4; lastKnownFileType = sourcecode.swift; path = TraktV2.swift; sourceTree = "<group>"; };
		DA76A1961B235BF4006CB489 /* DropDownListViewController.swift */ = {isa = PBXFileReference; fileEncoding = 4; lastKnownFileType = sourcecode.swift; path = DropDownListViewController.swift; sourceTree = "<group>"; };
		DA76A1991B2375E1006CB489 /* Classes.swift */ = {isa = PBXFileReference; fileEncoding = 4; lastKnownFileType = sourcecode.swift; path = Classes.swift; sourceTree = "<group>"; };
		DA76A19C1B23AADF006CB489 /* BasicCollectionReusableView.swift */ = {isa = PBXFileReference; fileEncoding = 4; lastKnownFileType = sourcecode.swift; path = BasicCollectionReusableView.swift; sourceTree = "<group>"; };
		DACCF35C1B110AA2006A13EB /* ANParseKit.swift */ = {isa = PBXFileReference; fileEncoding = 4; lastKnownFileType = sourcecode.swift; path = ANParseKit.swift; sourceTree = "<group>"; };
		DACCF35E1B111016006A13EB /* AnimeService.swift */ = {isa = PBXFileReference; fileEncoding = 4; lastKnownFileType = sourcecode.swift; path = AnimeService.swift; sourceTree = "<group>"; };
		DAE7A7181B2105FD00788614 /* AnimeCell.swift */ = {isa = PBXFileReference; fileEncoding = 4; lastKnownFileType = sourcecode.swift; path = AnimeCell.swift; sourceTree = "<group>"; };
		DAFBB0941B20EFF700495ED9 /* ChartViewController.swift */ = {isa = PBXFileReference; fileEncoding = 4; lastKnownFileType = sourcecode.swift; path = ChartViewController.swift; sourceTree = "<group>"; };
/* End PBXFileReference section */

/* Begin PBXFrameworksBuildPhase section */
		DA27D18E1AF1BA9D00CC854E /* Frameworks */ = {
			isa = PBXFrameworksBuildPhase;
			buildActionMask = 2147483647;
			files = (
				DA6E12C51B10D94200B278B0 /* ANParseKit.framework in Frameworks */,
				6923F76C724843F5AED124BD /* Pods.framework in Frameworks */,
			);
			runOnlyForDeploymentPostprocessing = 0;
		};
		DA27D1A31AF1BA9D00CC854E /* Frameworks */ = {
			isa = PBXFrameworksBuildPhase;
			buildActionMask = 2147483647;
			files = (
			);
			runOnlyForDeploymentPostprocessing = 0;
		};
		DA6E12AA1B10D94200B278B0 /* Frameworks */ = {
			isa = PBXFrameworksBuildPhase;
			buildActionMask = 2147483647;
			files = (
				DA6E132A1B10FAA100B278B0 /* Bolts.framework in Frameworks */,
				DA6E132B1B10FAA100B278B0 /* Parse.framework in Frameworks */,
				DA6E13291B10FA9400B278B0 /* AudioToolbox.framework in Frameworks */,
				DA6E13281B10FA8E00B278B0 /* CFNetwork.framework in Frameworks */,
				DA6E13271B10FA8900B278B0 /* CoreGraphics.framework in Frameworks */,
				DA6E13261B10FA8400B278B0 /* CoreLocation.framework in Frameworks */,
				DA6E13251B10FA7F00B278B0 /* MobileCoreServices.framework in Frameworks */,
				DA6E13241B10FA7B00B278B0 /* QuartzCore.framework in Frameworks */,
				DA6E13231B10FA7700B278B0 /* Security.framework in Frameworks */,
				DA6E13221B10FA7300B278B0 /* StoreKit.framework in Frameworks */,
				DA6E13211B10FA6E00B278B0 /* SystemConfiguration.framework in Frameworks */,
				DA6E13201B10F9F500B278B0 /* libsqlite3.dylib in Frameworks */,
				DA6E131F1B10F9EE00B278B0 /* libz.dylib in Frameworks */,
				DA6E131E1B10F9E900B278B0 /* libxml2.dylib in Frameworks */,
			);
			runOnlyForDeploymentPostprocessing = 0;
		};
		DA6E12B51B10D94200B278B0 /* Frameworks */ = {
			isa = PBXFrameworksBuildPhase;
			buildActionMask = 2147483647;
			files = (
				DA6E12B91B10D94200B278B0 /* ANParseKit.framework in Frameworks */,
			);
			runOnlyForDeploymentPostprocessing = 0;
		};
/* End PBXFrameworksBuildPhase section */

/* Begin PBXGroup section */
		2DF8950C3183A94B152DA94F /* Pods */ = {
			isa = PBXGroup;
			children = (
				3ABB693D5DECE103E9514C77 /* Pods.debug.xcconfig */,
				CC7A7DA6842DABB2A3D90AB9 /* Pods.release.xcconfig */,
			);
			name = Pods;
			sourceTree = "<group>";
		};
		DA27D1881AF1BA9D00CC854E = {
			isa = PBXGroup;
			children = (
				DA27D1931AF1BA9D00CC854E /* AnimeNow */,
				DA27D1A91AF1BA9D00CC854E /* AnimeNowTests */,
				DA6E12AF1B10D94200B278B0 /* ANParseKit */,
				DA6E12BE1B10D94200B278B0 /* ANParseKitTests */,
				DA27D1921AF1BA9D00CC854E /* Products */,
				2DF8950C3183A94B152DA94F /* Pods */,
				F4F69FB5D8335951A772F9AC /* Frameworks */,
			);
			sourceTree = "<group>";
		};
		DA27D1921AF1BA9D00CC854E /* Products */ = {
			isa = PBXGroup;
			children = (
				DA27D1911AF1BA9D00CC854E /* AnimeNow.app */,
				DA27D1A61AF1BA9D00CC854E /* AnimeNowTests.xctest */,
				DA6E12AE1B10D94200B278B0 /* ANParseKit.framework */,
				DA6E12B81B10D94200B278B0 /* ANParseKitTests.xctest */,
			);
			name = Products;
			sourceTree = "<group>";
		};
		DA27D1931AF1BA9D00CC854E /* AnimeNow */ = {
			isa = PBXGroup;
			children = (
				DAFBB0931B20EFC600495ED9 /* API */,
				DA38A9861B223AAC002FCBB4 /* Common */,
				DAFBB0911B20EFAB00495ED9 /* Chart */,
				DA27D1961AF1BA9D00CC854E /* AppDelegate.swift */,
				DA27D1981AF1BA9D00CC854E /* ViewController.swift */,
				DA27D19D1AF1BA9D00CC854E /* Images.xcassets */,
				DA27D19F1AF1BA9D00CC854E /* LaunchScreen.xib */,
				DA27D1941AF1BA9D00CC854E /* Supporting Files */,
			);
			path = AnimeNow;
			sourceTree = "<group>";
		};
		DA27D1941AF1BA9D00CC854E /* Supporting Files */ = {
			isa = PBXGroup;
			children = (
				DA27D1951AF1BA9D00CC854E /* Info.plist */,
			);
			name = "Supporting Files";
			sourceTree = "<group>";
		};
		DA27D1A91AF1BA9D00CC854E /* AnimeNowTests */ = {
			isa = PBXGroup;
			children = (
				DA27D1AC1AF1BA9D00CC854E /* AnimeNowTests.swift */,
				DA27D1AA1AF1BA9D00CC854E /* Supporting Files */,
			);
			path = AnimeNowTests;
			sourceTree = "<group>";
		};
		DA27D1AA1AF1BA9D00CC854E /* Supporting Files */ = {
			isa = PBXGroup;
			children = (
				DA27D1AB1AF1BA9D00CC854E /* Info.plist */,
			);
			name = "Supporting Files";
			sourceTree = "<group>";
		};
		DA2853C01B22C5B40070B675 /* Categories */ = {
			isa = PBXGroup;
			children = (
				DA2853C11B22C5D30070B675 /* UIColor+AniNow.swift */,
			);
			name = Categories;
			sourceTree = "<group>";
		};
		DA38A9861B223AAC002FCBB4 /* Common */ = {
			isa = PBXGroup;
			children = (
				DA2853C01B22C5B40070B675 /* Categories */,
				DA38A98D1B223EFC002FCBB4 /* Views */,
				DA38A98A1B223B11002FCBB4 /* UI */,
				DA38A9871B223AC6002FCBB4 /* Controllers */,
			);
			name = Common;
			sourceTree = "<group>";
		};
		DA38A9871B223AC6002FCBB4 /* Controllers */ = {
			isa = PBXGroup;
			children = (
				DA38A9881B223AF1002FCBB4 /* ActionListViewController.swift */,
				DA76A1961B235BF4006CB489 /* DropDownListViewController.swift */,
			);
			name = Controllers;
			sourceTree = "<group>";
		};
		DA38A98A1B223B11002FCBB4 /* UI */ = {
			isa = PBXGroup;
			children = (
				DA38A98B1B223B39002FCBB4 /* Common.storyboard */,
			);
			name = UI;
			sourceTree = "<group>";
		};
		DA38A98D1B223EFC002FCBB4 /* Views */ = {
			isa = PBXGroup;
			children = (
				DA38A98E1B223F1F002FCBB4 /* BasicTableCell.swift */,
				DA38A9901B224960002FCBB4 /* BasicView.swift */,
				DA2853BC1B22B7130070B675 /* LoaderView.swift */,
				DA2853BE1B22C1710070B675 /* HighlightButton.swift */,
				DA76A19C1B23AADF006CB489 /* BasicCollectionReusableView.swift */,
			);
			name = Views;
			sourceTree = "<group>";
		};
		DA6E12AF1B10D94200B278B0 /* ANParseKit */ = {
			isa = PBXGroup;
			children = (
				DA76A1981B237453006CB489 /* Classes */,
				DA6E12B21B10D94200B278B0 /* ANParseKit.h */,
				DACCF35C1B110AA2006A13EB /* ANParseKit.swift */,
				DA6E13101B10F2E500B278B0 /* MALScrapper.swift */,
				DA6E13121B10F56B00B278B0 /* SeasonalChartService.swift */,
				DACCF35E1B111016006A13EB /* AnimeService.swift */,
				DA6E13071B10DDFC00B278B0 /* Categories */,
				DA6E12CE1B10D96F00B278B0 /* Vendor */,
				DA6E12B01B10D94200B278B0 /* Supporting Files */,
			);
			path = ANParseKit;
			sourceTree = "<group>";
		};
		DA6E12B01B10D94200B278B0 /* Supporting Files */ = {
			isa = PBXGroup;
			children = (
				DA6E12B11B10D94200B278B0 /* Info.plist */,
			);
			name = "Supporting Files";
			sourceTree = "<group>";
		};
		DA6E12BE1B10D94200B278B0 /* ANParseKitTests */ = {
			isa = PBXGroup;
			children = (
				DA6E12C11B10D94200B278B0 /* ANParseKitTests.swift */,
				DA6E12BF1B10D94200B278B0 /* Supporting Files */,
			);
			path = ANParseKitTests;
			sourceTree = "<group>";
		};
		DA6E12BF1B10D94200B278B0 /* Supporting Files */ = {
			isa = PBXGroup;
			children = (
				DA6E12C01B10D94200B278B0 /* Info.plist */,
			);
			name = "Supporting Files";
			sourceTree = "<group>";
		};
		DA6E12CE1B10D96F00B278B0 /* Vendor */ = {
			isa = PBXGroup;
			children = (
				DA6E12CF1B10D96F00B278B0 /* hpple */,
				DA6E12D71B10D96F00B278B0 /* SWWebScrapper */,
			);
			path = Vendor;
			sourceTree = "<group>";
		};
		DA6E12CF1B10D96F00B278B0 /* hpple */ = {
			isa = PBXGroup;
			children = (
				DA6E12D01B10D96F00B278B0 /* LICENSE.txt */,
				DA6E12D11B10D96F00B278B0 /* TFHpple.h */,
				DA6E12D21B10D96F00B278B0 /* TFHpple.m */,
				DA6E12D31B10D96F00B278B0 /* TFHppleElement.h */,
				DA6E12D41B10D96F00B278B0 /* TFHppleElement.m */,
				DA6E12D51B10D96F00B278B0 /* XPathQuery.h */,
				DA6E12D61B10D96F00B278B0 /* XPathQuery.m */,
			);
			path = hpple;
			sourceTree = "<group>";
		};
		DA6E12D71B10D96F00B278B0 /* SWWebScrapper */ = {
			isa = PBXGroup;
			children = (
				DA6E12D81B10D96F00B278B0 /* UIViewController+WebScraper.h */,
				DA6E12D91B10D96F00B278B0 /* UIViewController+WebScraper.m */,
				DA6E12DA1B10D96F00B278B0 /* WSWebScraper.h */,
				DA6E12DB1B10D96F00B278B0 /* WSWebScraper.m */,
			);
			path = SWWebScrapper;
			sourceTree = "<group>";
		};
		DA6E13071B10DDFC00B278B0 /* Categories */ = {
			isa = PBXGroup;
			children = (
				DA6E13081B10DE0F00B278B0 /* NSArray+TFHppleElement.h */,
				DA6E13091B10DE0F00B278B0 /* NSArray+TFHppleElement.m */,
				DA6E130A1B10DE0F00B278B0 /* TFHppleElement+MALScrapping.h */,
				DA6E130B1B10DE0F00B278B0 /* TFHppleElement+MALScrapping.m */,
			);
			name = Categories;
			sourceTree = "<group>";
		};
		DA76A1981B237453006CB489 /* Classes */ = {
			isa = PBXGroup;
			children = (
				DA76A1991B2375E1006CB489 /* Classes.swift */,
			);
			name = Classes;
			sourceTree = "<group>";
		};
		DAE7A7131B2105BD00788614 /* UI */ = {
			isa = PBXGroup;
			children = (
				DA27D19A1AF1BA9D00CC854E /* Base.storyboard */,
			);
			name = UI;
			sourceTree = "<group>";
		};
		DAE7A7141B2105C400788614 /* Controllers */ = {
			isa = PBXGroup;
			children = (
				DAFBB0941B20EFF700495ED9 /* ChartViewController.swift */,
			);
			name = Controllers;
			sourceTree = "<group>";
		};
		DAE7A7151B2105D000788614 /* Views */ = {
			isa = PBXGroup;
			children = (
				DAE7A7181B2105FD00788614 /* AnimeCell.swift */,
			);
			name = Views;
			sourceTree = "<group>";
		};
		DAFBB0911B20EFAB00495ED9 /* Chart */ = {
			isa = PBXGroup;
			children = (
				DAE7A7151B2105D000788614 /* Views */,
				DAE7A7131B2105BD00788614 /* UI */,
				DAE7A7141B2105C400788614 /* Controllers */,
			);
			name = Chart;
			sourceTree = "<group>";
		};
		DAFBB0931B20EFC600495ED9 /* API */ = {
			isa = PBXGroup;
			children = (
				DA6E83B11B1672A500970D27 /* TraktV1.swift */,
				DA6E83B31B167F1E00970D27 /* TraktV2.swift */,
				DA27D1B61AF1BFA300CC854E /* AniList.swift */,
			);
			name = API;
			sourceTree = "<group>";
		};
		F4F69FB5D8335951A772F9AC /* Frameworks */ = {
			isa = PBXGroup;
			children = (
				DA6E131C1B10F9C800B278B0 /* Accelerate.framework */,
				DA6E13051B10DDB900B278B0 /* Social.framework */,
				DA6E13031B10DDB500B278B0 /* Accounts.framework */,
				DA6E13011B10DCEE00B278B0 /* libsqlite3.dylib */,
				DA6E12FF1B10DCE400B278B0 /* SystemConfiguration.framework */,
				DA6E12FD1B10DCDF00B278B0 /* StoreKit.framework */,
				DA6E12FB1B10DCD800B278B0 /* Security.framework */,
				DA6E12F91B10DCD400B278B0 /* QuartzCore.framework */,
				DA6E12F71B10DCCF00B278B0 /* MobileCoreServices.framework */,
				DA6E12F51B10DCCA00B278B0 /* CoreLocation.framework */,
				DA6E12F31B10DCC600B278B0 /* CoreGraphics.framework */,
				DA6E12F11B10DCC100B278B0 /* CFNetwork.framework */,
				DA6E12EF1B10DCBC00B278B0 /* AudioToolbox.framework */,
				DA6E12EB1B10DCA100B278B0 /* Bolts.framework */,
				DA6E12EC1B10DCA100B278B0 /* Parse.framework */,
				DA6E12E91B10DA2F00B278B0 /* libxml2.dylib */,
				DA6E12E71B10DA2700B278B0 /* libz.dylib */,
				D27C7A8ED4F7C96DF08F5850 /* Pods.framework */,
			);
			name = Frameworks;
			sourceTree = "<group>";
		};
/* End PBXGroup section */

/* Begin PBXHeadersBuildPhase section */
		DA6E12AB1B10D94200B278B0 /* Headers */ = {
			isa = PBXHeadersBuildPhase;
			buildActionMask = 2147483647;
			files = (
				DA6E12DD1B10D96F00B278B0 /* TFHpple.h in Headers */,
				DA6E12E31B10D96F00B278B0 /* UIViewController+WebScraper.h in Headers */,
				DA6E130C1B10DE0F00B278B0 /* NSArray+TFHppleElement.h in Headers */,
				DA6E12E11B10D96F00B278B0 /* XPathQuery.h in Headers */,
				DA6E130E1B10DE0F00B278B0 /* TFHppleElement+MALScrapping.h in Headers */,
				DA6E12B31B10D94200B278B0 /* ANParseKit.h in Headers */,
				DA6E12E51B10D96F00B278B0 /* WSWebScraper.h in Headers */,
				DA6E12DF1B10D96F00B278B0 /* TFHppleElement.h in Headers */,
			);
			runOnlyForDeploymentPostprocessing = 0;
		};
/* End PBXHeadersBuildPhase section */

/* Begin PBXNativeTarget section */
		DA27D1901AF1BA9D00CC854E /* AnimeNow */ = {
			isa = PBXNativeTarget;
			buildConfigurationList = DA27D1B01AF1BA9D00CC854E /* Build configuration list for PBXNativeTarget "AnimeNow" */;
			buildPhases = (
				B003A2DD334A77B1CCA06F4A /* Check Pods Manifest.lock */,
				DA27D18D1AF1BA9D00CC854E /* Sources */,
				DA27D18E1AF1BA9D00CC854E /* Frameworks */,
				DA27D18F1AF1BA9D00CC854E /* Resources */,
				FCB548D67E364123103F724B /* Embed Pods Frameworks */,
				486B3A44FD9EDE1C42C15E83 /* Copy Pods Resources */,
				DA6E12CA1B10D94200B278B0 /* Embed Frameworks */,
			);
			buildRules = (
			);
			dependencies = (
				DA6E12C41B10D94200B278B0 /* PBXTargetDependency */,
			);
			name = AnimeNow;
			productName = AnimeNow;
			productReference = DA27D1911AF1BA9D00CC854E /* AnimeNow.app */;
			productType = "com.apple.product-type.application";
		};
		DA27D1A51AF1BA9D00CC854E /* AnimeNowTests */ = {
			isa = PBXNativeTarget;
			buildConfigurationList = DA27D1B31AF1BA9D00CC854E /* Build configuration list for PBXNativeTarget "AnimeNowTests" */;
			buildPhases = (
				DA27D1A21AF1BA9D00CC854E /* Sources */,
				DA27D1A31AF1BA9D00CC854E /* Frameworks */,
				DA27D1A41AF1BA9D00CC854E /* Resources */,
			);
			buildRules = (
			);
			dependencies = (
				DA27D1A81AF1BA9D00CC854E /* PBXTargetDependency */,
			);
			name = AnimeNowTests;
			productName = AnimeNowTests;
			productReference = DA27D1A61AF1BA9D00CC854E /* AnimeNowTests.xctest */;
			productType = "com.apple.product-type.bundle.unit-test";
		};
		DA6E12AD1B10D94200B278B0 /* ANParseKit */ = {
			isa = PBXNativeTarget;
			buildConfigurationList = DA6E12C71B10D94200B278B0 /* Build configuration list for PBXNativeTarget "ANParseKit" */;
			buildPhases = (
				DA6E12A91B10D94200B278B0 /* Sources */,
				DA6E12AA1B10D94200B278B0 /* Frameworks */,
				DA6E12AB1B10D94200B278B0 /* Headers */,
				DA6E12AC1B10D94200B278B0 /* Resources */,
			);
			buildRules = (
			);
			dependencies = (
			);
			name = ANParseKit;
			productName = ANParseKit;
			productReference = DA6E12AE1B10D94200B278B0 /* ANParseKit.framework */;
			productType = "com.apple.product-type.framework";
		};
		DA6E12B71B10D94200B278B0 /* ANParseKitTests */ = {
			isa = PBXNativeTarget;
			buildConfigurationList = DA6E12CB1B10D94200B278B0 /* Build configuration list for PBXNativeTarget "ANParseKitTests" */;
			buildPhases = (
				DA6E12B41B10D94200B278B0 /* Sources */,
				DA6E12B51B10D94200B278B0 /* Frameworks */,
				DA6E12B61B10D94200B278B0 /* Resources */,
			);
			buildRules = (
			);
			dependencies = (
				DA6E12BB1B10D94200B278B0 /* PBXTargetDependency */,
				DA6E12BD1B10D94200B278B0 /* PBXTargetDependency */,
			);
			name = ANParseKitTests;
			productName = ANParseKitTests;
			productReference = DA6E12B81B10D94200B278B0 /* ANParseKitTests.xctest */;
			productType = "com.apple.product-type.bundle.unit-test";
		};
/* End PBXNativeTarget section */

/* Begin PBXProject section */
		DA27D1891AF1BA9D00CC854E /* Project object */ = {
			isa = PBXProject;
			attributes = {
				LastUpgradeCheck = 0630;
				ORGANIZATIONNAME = AnyTap;
				TargetAttributes = {
					DA27D1901AF1BA9D00CC854E = {
						CreatedOnToolsVersion = 6.3.1;
					};
					DA27D1A51AF1BA9D00CC854E = {
						CreatedOnToolsVersion = 6.3.1;
						TestTargetID = DA27D1901AF1BA9D00CC854E;
					};
					DA6E12AD1B10D94200B278B0 = {
						CreatedOnToolsVersion = 6.3.1;
					};
					DA6E12B71B10D94200B278B0 = {
						CreatedOnToolsVersion = 6.3.1;
						TestTargetID = DA27D1901AF1BA9D00CC854E;
					};
				};
			};
			buildConfigurationList = DA27D18C1AF1BA9D00CC854E /* Build configuration list for PBXProject "AnimeNow" */;
			compatibilityVersion = "Xcode 3.2";
			developmentRegion = English;
			hasScannedForEncodings = 0;
			knownRegions = (
				en,
				Base,
			);
			mainGroup = DA27D1881AF1BA9D00CC854E;
			productRefGroup = DA27D1921AF1BA9D00CC854E /* Products */;
			projectDirPath = "";
			projectRoot = "";
			targets = (
				DA27D1901AF1BA9D00CC854E /* AnimeNow */,
				DA27D1A51AF1BA9D00CC854E /* AnimeNowTests */,
				DA6E12AD1B10D94200B278B0 /* ANParseKit */,
				DA6E12B71B10D94200B278B0 /* ANParseKitTests */,
			);
		};
/* End PBXProject section */

/* Begin PBXResourcesBuildPhase section */
		DA27D18F1AF1BA9D00CC854E /* Resources */ = {
			isa = PBXResourcesBuildPhase;
			buildActionMask = 2147483647;
			files = (
				DA27D19C1AF1BA9D00CC854E /* Base.storyboard in Resources */,
				DA38A98C1B223B39002FCBB4 /* Common.storyboard in Resources */,
				DA27D1A11AF1BA9D00CC854E /* LaunchScreen.xib in Resources */,
				DA27D19E1AF1BA9D00CC854E /* Images.xcassets in Resources */,
			);
			runOnlyForDeploymentPostprocessing = 0;
		};
		DA27D1A41AF1BA9D00CC854E /* Resources */ = {
			isa = PBXResourcesBuildPhase;
			buildActionMask = 2147483647;
			files = (
			);
			runOnlyForDeploymentPostprocessing = 0;
		};
		DA6E12AC1B10D94200B278B0 /* Resources */ = {
			isa = PBXResourcesBuildPhase;
			buildActionMask = 2147483647;
			files = (
				DA6E12DC1B10D96F00B278B0 /* LICENSE.txt in Resources */,
			);
			runOnlyForDeploymentPostprocessing = 0;
		};
		DA6E12B61B10D94200B278B0 /* Resources */ = {
			isa = PBXResourcesBuildPhase;
			buildActionMask = 2147483647;
			files = (
			);
			runOnlyForDeploymentPostprocessing = 0;
		};
/* End PBXResourcesBuildPhase section */

/* Begin PBXShellScriptBuildPhase section */
		486B3A44FD9EDE1C42C15E83 /* Copy Pods Resources */ = {
			isa = PBXShellScriptBuildPhase;
			buildActionMask = 2147483647;
			files = (
			);
			inputPaths = (
			);
			name = "Copy Pods Resources";
			outputPaths = (
			);
			runOnlyForDeploymentPostprocessing = 0;
			shellPath = /bin/sh;
			shellScript = "\"${SRCROOT}/Pods/Target Support Files/Pods/Pods-resources.sh\"\n";
			showEnvVarsInLog = 0;
		};
		B003A2DD334A77B1CCA06F4A /* Check Pods Manifest.lock */ = {
			isa = PBXShellScriptBuildPhase;
			buildActionMask = 2147483647;
			files = (
			);
			inputPaths = (
			);
			name = "Check Pods Manifest.lock";
			outputPaths = (
			);
			runOnlyForDeploymentPostprocessing = 0;
			shellPath = /bin/sh;
			shellScript = "diff \"${PODS_ROOT}/../Podfile.lock\" \"${PODS_ROOT}/Manifest.lock\" > /dev/null\nif [[ $? != 0 ]] ; then\n    cat << EOM\nerror: The sandbox is not in sync with the Podfile.lock. Run 'pod install' or update your CocoaPods installation.\nEOM\n    exit 1\nfi\n";
			showEnvVarsInLog = 0;
		};
		FCB548D67E364123103F724B /* Embed Pods Frameworks */ = {
			isa = PBXShellScriptBuildPhase;
			buildActionMask = 2147483647;
			files = (
			);
			inputPaths = (
			);
			name = "Embed Pods Frameworks";
			outputPaths = (
			);
			runOnlyForDeploymentPostprocessing = 0;
			shellPath = /bin/sh;
			shellScript = "\"${SRCROOT}/Pods/Target Support Files/Pods/Pods-frameworks.sh\"\n";
			showEnvVarsInLog = 0;
		};
/* End PBXShellScriptBuildPhase section */

/* Begin PBXSourcesBuildPhase section */
		DA27D18D1AF1BA9D00CC854E /* Sources */ = {
			isa = PBXSourcesBuildPhase;
			buildActionMask = 2147483647;
			files = (
				DA76A1971B235BF4006CB489 /* DropDownListViewController.swift in Sources */,
				DA38A98F1B223F1F002FCBB4 /* BasicTableCell.swift in Sources */,
				DA2853BD1B22B7130070B675 /* LoaderView.swift in Sources */,
				DAE7A7191B2105FD00788614 /* AnimeCell.swift in Sources */,
				DA27D1991AF1BA9D00CC854E /* ViewController.swift in Sources */,
				DA2853BF1B22C1710070B675 /* HighlightButton.swift in Sources */,
				DA38A9891B223AF1002FCBB4 /* ActionListViewController.swift in Sources */,
				DA2853C21B22C5D30070B675 /* UIColor+AniNow.swift in Sources */,
				DA76A19D1B23AADF006CB489 /* BasicCollectionReusableView.swift in Sources */,
				DA76A19B1B238498006CB489 /* Classes.swift in Sources */,
				DA27D1B71AF1BFA300CC854E /* AniList.swift in Sources */,
				DA6E83B41B167F1E00970D27 /* TraktV2.swift in Sources */,
				DA6E83B21B1672A500970D27 /* TraktV1.swift in Sources */,
				DA38A9911B224960002FCBB4 /* BasicView.swift in Sources */,
				DA27D1971AF1BA9D00CC854E /* AppDelegate.swift in Sources */,
				DAFBB0951B20EFF700495ED9 /* ChartViewController.swift in Sources */,
			);
			runOnlyForDeploymentPostprocessing = 0;
		};
		DA27D1A21AF1BA9D00CC854E /* Sources */ = {
			isa = PBXSourcesBuildPhase;
			buildActionMask = 2147483647;
			files = (
				DA27D1AD1AF1BA9D00CC854E /* AnimeNowTests.swift in Sources */,
			);
			runOnlyForDeploymentPostprocessing = 0;
		};
		DA6E12A91B10D94200B278B0 /* Sources */ = {
			isa = PBXSourcesBuildPhase;
			buildActionMask = 2147483647;
			files = (
				DA6E12E01B10D96F00B278B0 /* TFHppleElement.m in Sources */,
				DA6E130D1B10DE0F00B278B0 /* NSArray+TFHppleElement.m in Sources */,
				DACCF35F1B111016006A13EB /* AnimeService.swift in Sources */,
				DA6E12E61B10D96F00B278B0 /* WSWebScraper.m in Sources */,
				DA6E130F1B10DE0F00B278B0 /* TFHppleElement+MALScrapping.m in Sources */,
				DA6E13131B10F56B00B278B0 /* SeasonalChartService.swift in Sources */,
				DACCF35D1B110AA2006A13EB /* ANParseKit.swift in Sources */,
				DA6E12E21B10D96F00B278B0 /* XPathQuery.m in Sources */,
				DA6E12E41B10D96F00B278B0 /* UIViewController+WebScraper.m in Sources */,
				DA6E13111B10F2E500B278B0 /* MALScrapper.swift in Sources */,
				DA6E12DE1B10D96F00B278B0 /* TFHpple.m in Sources */,
			);
			runOnlyForDeploymentPostprocessing = 0;
		};
		DA6E12B41B10D94200B278B0 /* Sources */ = {
			isa = PBXSourcesBuildPhase;
			buildActionMask = 2147483647;
			files = (
				DA6E12C21B10D94200B278B0 /* ANParseKitTests.swift in Sources */,
			);
			runOnlyForDeploymentPostprocessing = 0;
		};
/* End PBXSourcesBuildPhase section */

/* Begin PBXTargetDependency section */
		DA27D1A81AF1BA9D00CC854E /* PBXTargetDependency */ = {
			isa = PBXTargetDependency;
			target = DA27D1901AF1BA9D00CC854E /* AnimeNow */;
			targetProxy = DA27D1A71AF1BA9D00CC854E /* PBXContainerItemProxy */;
		};
		DA6E12BB1B10D94200B278B0 /* PBXTargetDependency */ = {
			isa = PBXTargetDependency;
			target = DA6E12AD1B10D94200B278B0 /* ANParseKit */;
			targetProxy = DA6E12BA1B10D94200B278B0 /* PBXContainerItemProxy */;
		};
		DA6E12BD1B10D94200B278B0 /* PBXTargetDependency */ = {
			isa = PBXTargetDependency;
			target = DA27D1901AF1BA9D00CC854E /* AnimeNow */;
			targetProxy = DA6E12BC1B10D94200B278B0 /* PBXContainerItemProxy */;
		};
		DA6E12C41B10D94200B278B0 /* PBXTargetDependency */ = {
			isa = PBXTargetDependency;
			target = DA6E12AD1B10D94200B278B0 /* ANParseKit */;
			targetProxy = DA6E12C31B10D94200B278B0 /* PBXContainerItemProxy */;
		};
/* End PBXTargetDependency section */

/* Begin PBXVariantGroup section */
		DA27D19A1AF1BA9D00CC854E /* Base.storyboard */ = {
			isa = PBXVariantGroup;
			children = (
				DA27D19B1AF1BA9D00CC854E /* Base */,
			);
			name = Base.storyboard;
			sourceTree = "<group>";
		};
		DA27D19F1AF1BA9D00CC854E /* LaunchScreen.xib */ = {
			isa = PBXVariantGroup;
			children = (
				DA27D1A01AF1BA9D00CC854E /* Base */,
			);
			name = LaunchScreen.xib;
			sourceTree = "<group>";
		};
/* End PBXVariantGroup section */

/* Begin XCBuildConfiguration section */
		DA27D1AE1AF1BA9D00CC854E /* Debug */ = {
			isa = XCBuildConfiguration;
			buildSettings = {
				ALWAYS_SEARCH_USER_PATHS = NO;
				CLANG_CXX_LANGUAGE_STANDARD = "gnu++0x";
				CLANG_CXX_LIBRARY = "libc++";
				CLANG_ENABLE_MODULES = YES;
				CLANG_ENABLE_OBJC_ARC = YES;
				CLANG_WARN_BOOL_CONVERSION = YES;
				CLANG_WARN_CONSTANT_CONVERSION = YES;
				CLANG_WARN_DIRECT_OBJC_ISA_USAGE = YES_ERROR;
				CLANG_WARN_EMPTY_BODY = YES;
				CLANG_WARN_ENUM_CONVERSION = YES;
				CLANG_WARN_INT_CONVERSION = YES;
				CLANG_WARN_OBJC_ROOT_CLASS = YES_ERROR;
				CLANG_WARN_UNREACHABLE_CODE = YES;
				CLANG_WARN__DUPLICATE_METHOD_MATCH = YES;
				"CODE_SIGN_IDENTITY[sdk=iphoneos*]" = "iPhone Developer";
				COPY_PHASE_STRIP = NO;
				DEBUG_INFORMATION_FORMAT = "dwarf-with-dsym";
				ENABLE_STRICT_OBJC_MSGSEND = YES;
				GCC_C_LANGUAGE_STANDARD = gnu99;
				GCC_DYNAMIC_NO_PIC = NO;
				GCC_NO_COMMON_BLOCKS = YES;
				GCC_OPTIMIZATION_LEVEL = 0;
				GCC_PREPROCESSOR_DEFINITIONS = (
					"DEBUG=1",
					"$(inherited)",
				);
				GCC_SYMBOLS_PRIVATE_EXTERN = NO;
				GCC_WARN_64_TO_32_BIT_CONVERSION = YES;
				GCC_WARN_ABOUT_RETURN_TYPE = YES_ERROR;
				GCC_WARN_UNDECLARED_SELECTOR = YES;
				GCC_WARN_UNINITIALIZED_AUTOS = YES_AGGRESSIVE;
				GCC_WARN_UNUSED_FUNCTION = YES;
				GCC_WARN_UNUSED_VARIABLE = YES;
				IPHONEOS_DEPLOYMENT_TARGET = 8.3;
				MTL_ENABLE_DEBUG_INFO = YES;
				ONLY_ACTIVE_ARCH = YES;
				SDKROOT = iphoneos;
				SWIFT_OPTIMIZATION_LEVEL = "-Onone";
			};
			name = Debug;
		};
		DA27D1AF1AF1BA9D00CC854E /* Release */ = {
			isa = XCBuildConfiguration;
			buildSettings = {
				ALWAYS_SEARCH_USER_PATHS = NO;
				CLANG_CXX_LANGUAGE_STANDARD = "gnu++0x";
				CLANG_CXX_LIBRARY = "libc++";
				CLANG_ENABLE_MODULES = YES;
				CLANG_ENABLE_OBJC_ARC = YES;
				CLANG_WARN_BOOL_CONVERSION = YES;
				CLANG_WARN_CONSTANT_CONVERSION = YES;
				CLANG_WARN_DIRECT_OBJC_ISA_USAGE = YES_ERROR;
				CLANG_WARN_EMPTY_BODY = YES;
				CLANG_WARN_ENUM_CONVERSION = YES;
				CLANG_WARN_INT_CONVERSION = YES;
				CLANG_WARN_OBJC_ROOT_CLASS = YES_ERROR;
				CLANG_WARN_UNREACHABLE_CODE = YES;
				CLANG_WARN__DUPLICATE_METHOD_MATCH = YES;
				"CODE_SIGN_IDENTITY[sdk=iphoneos*]" = "iPhone Developer";
				COPY_PHASE_STRIP = NO;
				DEBUG_INFORMATION_FORMAT = "dwarf-with-dsym";
				ENABLE_NS_ASSERTIONS = NO;
				ENABLE_STRICT_OBJC_MSGSEND = YES;
				GCC_C_LANGUAGE_STANDARD = gnu99;
				GCC_NO_COMMON_BLOCKS = YES;
				GCC_WARN_64_TO_32_BIT_CONVERSION = YES;
				GCC_WARN_ABOUT_RETURN_TYPE = YES_ERROR;
				GCC_WARN_UNDECLARED_SELECTOR = YES;
				GCC_WARN_UNINITIALIZED_AUTOS = YES_AGGRESSIVE;
				GCC_WARN_UNUSED_FUNCTION = YES;
				GCC_WARN_UNUSED_VARIABLE = YES;
				IPHONEOS_DEPLOYMENT_TARGET = 8.3;
				MTL_ENABLE_DEBUG_INFO = NO;
				SDKROOT = iphoneos;
				VALIDATE_PRODUCT = YES;
			};
			name = Release;
		};
		DA27D1B11AF1BA9D00CC854E /* Debug */ = {
			isa = XCBuildConfiguration;
			baseConfigurationReference = 3ABB693D5DECE103E9514C77 /* Pods.debug.xcconfig */;
			buildSettings = {
				ASSETCATALOG_COMPILER_APPICON_NAME = AppIcon;
				FRAMEWORK_SEARCH_PATHS = (
					"$(inherited)",
					"$(PROJECT_DIR)",
				);
				INFOPLIST_FILE = AnimeNow/Info.plist;
				LD_RUNPATH_SEARCH_PATHS = "$(inherited) @executable_path/Frameworks";
				PRODUCT_NAME = "$(TARGET_NAME)";
			};
			name = Debug;
		};
		DA27D1B21AF1BA9D00CC854E /* Release */ = {
			isa = XCBuildConfiguration;
			baseConfigurationReference = CC7A7DA6842DABB2A3D90AB9 /* Pods.release.xcconfig */;
			buildSettings = {
				ASSETCATALOG_COMPILER_APPICON_NAME = AppIcon;
				FRAMEWORK_SEARCH_PATHS = (
					"$(inherited)",
					"$(PROJECT_DIR)",
				);
				INFOPLIST_FILE = AnimeNow/Info.plist;
				LD_RUNPATH_SEARCH_PATHS = "$(inherited) @executable_path/Frameworks";
				PRODUCT_NAME = "$(TARGET_NAME)";
			};
			name = Release;
		};
		DA27D1B41AF1BA9D00CC854E /* Debug */ = {
			isa = XCBuildConfiguration;
			buildSettings = {
				BUNDLE_LOADER = "$(TEST_HOST)";
				FRAMEWORK_SEARCH_PATHS = (
					"$(SDKROOT)/Developer/Library/Frameworks",
					"$(inherited)",
				);
				GCC_PREPROCESSOR_DEFINITIONS = (
					"DEBUG=1",
					"$(inherited)",
				);
				INFOPLIST_FILE = AnimeNowTests/Info.plist;
				LD_RUNPATH_SEARCH_PATHS = "$(inherited) @executable_path/Frameworks @loader_path/Frameworks";
				PRODUCT_NAME = "$(TARGET_NAME)";
				TEST_HOST = "$(BUILT_PRODUCTS_DIR)/AnimeNow.app/AnimeNow";
			};
			name = Debug;
		};
		DA27D1B51AF1BA9D00CC854E /* Release */ = {
			isa = XCBuildConfiguration;
			buildSettings = {
				BUNDLE_LOADER = "$(TEST_HOST)";
				FRAMEWORK_SEARCH_PATHS = (
					"$(SDKROOT)/Developer/Library/Frameworks",
					"$(inherited)",
				);
				INFOPLIST_FILE = AnimeNowTests/Info.plist;
				LD_RUNPATH_SEARCH_PATHS = "$(inherited) @executable_path/Frameworks @loader_path/Frameworks";
				PRODUCT_NAME = "$(TARGET_NAME)";
				TEST_HOST = "$(BUILT_PRODUCTS_DIR)/AnimeNow.app/AnimeNow";
			};
			name = Release;
		};
		DA6E12C81B10D94200B278B0 /* Debug */ = {
			isa = XCBuildConfiguration;
			buildSettings = {
				CLANG_ENABLE_MODULES = YES;
				CURRENT_PROJECT_VERSION = 1;
				DEFINES_MODULE = YES;
				DYLIB_COMPATIBILITY_VERSION = 1;
				DYLIB_CURRENT_VERSION = 1;
				DYLIB_INSTALL_NAME_BASE = "@rpath";
				FRAMEWORK_SEARCH_PATHS = (
					"$(inherited)",
					"$(PROJECT_DIR)",
				);
				GCC_PREPROCESSOR_DEFINITIONS = (
					"DEBUG=1",
					"$(inherited)",
				);
				HEADER_SEARCH_PATHS = (
					"$(inherited)",
					/Applications/Xcode.app/Contents/Developer/Toolchains/XcodeDefault.xctoolchain/usr/include,
					"$(SDKROOT)/usr/include/libxml2",
				);
				INFOPLIST_FILE = ANParseKit/Info.plist;
				INSTALL_PATH = "$(LOCAL_LIBRARY_DIR)/Frameworks";
				LD_RUNPATH_SEARCH_PATHS = "$(inherited) @executable_path/Frameworks @loader_path/Frameworks";
				PRODUCT_NAME = "$(TARGET_NAME)";
				SKIP_INSTALL = YES;
				SWIFT_OPTIMIZATION_LEVEL = "-Onone";
				TARGETED_DEVICE_FAMILY = "1,2";
				VERSIONING_SYSTEM = "apple-generic";
				VERSION_INFO_PREFIX = "";
			};
			name = Debug;
		};
		DA6E12C91B10D94200B278B0 /* Release */ = {
			isa = XCBuildConfiguration;
			buildSettings = {
				CLANG_ENABLE_MODULES = YES;
				CURRENT_PROJECT_VERSION = 1;
				DEFINES_MODULE = YES;
				DYLIB_COMPATIBILITY_VERSION = 1;
				DYLIB_CURRENT_VERSION = 1;
				DYLIB_INSTALL_NAME_BASE = "@rpath";
				FRAMEWORK_SEARCH_PATHS = (
					"$(inherited)",
					"$(PROJECT_DIR)",
				);
				HEADER_SEARCH_PATHS = (
					"$(inherited)",
					/Applications/Xcode.app/Contents/Developer/Toolchains/XcodeDefault.xctoolchain/usr/include,
					"$(SDKROOT)/usr/include/libxml2",
				);
				INFOPLIST_FILE = ANParseKit/Info.plist;
				INSTALL_PATH = "$(LOCAL_LIBRARY_DIR)/Frameworks";
				LD_RUNPATH_SEARCH_PATHS = "$(inherited) @executable_path/Frameworks @loader_path/Frameworks";
				PRODUCT_NAME = "$(TARGET_NAME)";
				SKIP_INSTALL = YES;
				TARGETED_DEVICE_FAMILY = "1,2";
				VERSIONING_SYSTEM = "apple-generic";
				VERSION_INFO_PREFIX = "";
			};
			name = Release;
		};
		DA6E12CC1B10D94200B278B0 /* Debug */ = {
			isa = XCBuildConfiguration;
			buildSettings = {
				FRAMEWORK_SEARCH_PATHS = (
					"$(SDKROOT)/Developer/Library/Frameworks",
					"$(inherited)",
				);
				GCC_PREPROCESSOR_DEFINITIONS = (
					"DEBUG=1",
					"$(inherited)",
				);
				INFOPLIST_FILE = ANParseKitTests/Info.plist;
				LD_RUNPATH_SEARCH_PATHS = "$(inherited) @executable_path/Frameworks @loader_path/Frameworks";
				PRODUCT_NAME = "$(TARGET_NAME)";
				TEST_HOST = "$(BUILT_PRODUCTS_DIR)/AnimeNow.app/AnimeNow";
			};
			name = Debug;
		};
		DA6E12CD1B10D94200B278B0 /* Release */ = {
			isa = XCBuildConfiguration;
			buildSettings = {
				FRAMEWORK_SEARCH_PATHS = (
					"$(SDKROOT)/Developer/Library/Frameworks",
					"$(inherited)",
				);
				INFOPLIST_FILE = ANParseKitTests/Info.plist;
				LD_RUNPATH_SEARCH_PATHS = "$(inherited) @executable_path/Frameworks @loader_path/Frameworks";
				PRODUCT_NAME = "$(TARGET_NAME)";
				TEST_HOST = "$(BUILT_PRODUCTS_DIR)/AnimeNow.app/AnimeNow";
			};
			name = Release;
		};
/* End XCBuildConfiguration section */

/* Begin XCConfigurationList section */
		DA27D18C1AF1BA9D00CC854E /* Build configuration list for PBXProject "AnimeNow" */ = {
			isa = XCConfigurationList;
			buildConfigurations = (
				DA27D1AE1AF1BA9D00CC854E /* Debug */,
				DA27D1AF1AF1BA9D00CC854E /* Release */,
			);
			defaultConfigurationIsVisible = 0;
			defaultConfigurationName = Release;
		};
		DA27D1B01AF1BA9D00CC854E /* Build configuration list for PBXNativeTarget "AnimeNow" */ = {
			isa = XCConfigurationList;
			buildConfigurations = (
				DA27D1B11AF1BA9D00CC854E /* Debug */,
				DA27D1B21AF1BA9D00CC854E /* Release */,
			);
			defaultConfigurationIsVisible = 0;
			defaultConfigurationName = Release;
		};
		DA27D1B31AF1BA9D00CC854E /* Build configuration list for PBXNativeTarget "AnimeNowTests" */ = {
			isa = XCConfigurationList;
			buildConfigurations = (
				DA27D1B41AF1BA9D00CC854E /* Debug */,
				DA27D1B51AF1BA9D00CC854E /* Release */,
			);
			defaultConfigurationIsVisible = 0;
			defaultConfigurationName = Release;
		};
		DA6E12C71B10D94200B278B0 /* Build configuration list for PBXNativeTarget "ANParseKit" */ = {
			isa = XCConfigurationList;
			buildConfigurations = (
				DA6E12C81B10D94200B278B0 /* Debug */,
				DA6E12C91B10D94200B278B0 /* Release */,
			);
			defaultConfigurationIsVisible = 0;
			defaultConfigurationName = Release;
		};
		DA6E12CB1B10D94200B278B0 /* Build configuration list for PBXNativeTarget "ANParseKitTests" */ = {
			isa = XCConfigurationList;
			buildConfigurations = (
				DA6E12CC1B10D94200B278B0 /* Debug */,
				DA6E12CD1B10D94200B278B0 /* Release */,
			);
			defaultConfigurationIsVisible = 0;
			defaultConfigurationName = Release;
		};
/* End XCConfigurationList section */
	};
	rootObject = DA27D1891AF1BA9D00CC854E /* Project object */;
}
